
Microsoft Visual Studio Solution File, Format Version 12.00
# Visual Studio Version 16
VisualStudioVersion = 16.0.32228.343
MinimumVisualStudioVersion = 10.0.40219.1
Project("{2150E333-8FDC-42A3-9474-1A3956D46DE8}") = "src", "src", "{5181CCE6-CD76-4AD6-99BC-0906D8C6E783}"
EndProject
Project("{2150E333-8FDC-42A3-9474-1A3956D46DE8}") = "API", "API", "{0D3AD221-8904-48F0-9DFC-636DAD49A8E1}"
EndProject
Project("{2150E333-8FDC-42A3-9474-1A3956D46DE8}") = "test", "test", "{BAA1DDDA-270B-4FA5-B843-68788A77EEFF}"
EndProject
Project("{2150E333-8FDC-42A3-9474-1A3956D46DE8}") = "Core", "Core", "{34F11B93-AD31-4A5E-A5DC-1ED62F24B8C1}"
EndProject
Project("{2150E333-8FDC-42A3-9474-1A3956D46DE8}") = "Infrastructure", "Infrastructure", "{247FA615-B10E-4B17-8586-FE95035A9045}"
EndProject
Project("{2150E333-8FDC-42A3-9474-1A3956D46DE8}") = "UI", "UI", "{A81C4CF1-7850-4AE3-B5E4-67DDB0EBAA97}"
EndProject
Project("{9A19103F-16F7-4668-BE54-9A1E7A4F7556}") = "Atomicy.Api", "Atomicy.Api\Atomicy.Api.csproj", "{BB9FB448-633D-4E2B-BBD6-2BFCEB139546}"
EndProject
Project("{9A19103F-16F7-4668-BE54-9A1E7A4F7556}") = "Atomicy.Application", "Atomicy.Application\Atomicy.Application.csproj", "{FAEC34D6-65AD-422E-AF8A-0DBAD33B0E8C}"
EndProject
Project("{9A19103F-16F7-4668-BE54-9A1E7A4F7556}") = "Atomicy.Domain", "Atomicy.Domain\Atomicy.Domain.csproj", "{CBAB6DFA-F8F6-42B9-B04C-C2B05CD5FB00}"
EndProject
Project("{9A19103F-16F7-4668-BE54-9A1E7A4F7556}") = "Atomicy.Infrastructure", "Atomicy.Infrastructure\Atomicy.Infrastructure.csproj", "{C164C228-D22A-4163-BAF4-662A510A5F5B}"
EndProject
Project("{9A19103F-16F7-4668-BE54-9A1E7A4F7556}") = "Atomicy.Persistence", "Atomicy.Persistence\Atomicy.Persistence.csproj", "{C27557C9-134F-4391-B841-80FC2CC5B2F7}"
EndProject
Project("{9A19103F-16F7-4668-BE54-9A1E7A4F7556}") = "Atomicy.Identity", "Atomicy.Identity\Atomicy.Identity.csproj", "{69F25158-D94C-4C02-A666-47B2EB201FE1}"
	ProjectSection(ProjectDependencies) = postProject
		{FAEC34D6-65AD-422E-AF8A-0DBAD33B0E8C} = {FAEC34D6-65AD-422E-AF8A-0DBAD33B0E8C}
	EndProjectSection
EndProject
Project("{54A90642-561A-4BB1-A94E-469ADEE60C69}") = "Atomicy.SPA", "Atomicy.SPA\Atomicy.SPA.esproj", "{55B28DA4-2F82-40DF-8BFD-B6BA6DDCA4F6}"
EndProject
Project("{9A19103F-16F7-4668-BE54-9A1E7A4F7556}") = "Simuzer.Atomicy.Application.UnitTests", "Simuzer.Atomicy.Application.UnitTests\Simuzer.Atomicy.Application.UnitTests.csproj", "{47648B10-2160-43E7-BDC7-CAA554383260}"
EndProject
Project("{9A19103F-16F7-4668-BE54-9A1E7A4F7556}") = "Simuzer.Atomicy.API.IntegrationTests", "Simuzer.Atomicy.API.IntegrationTests\Simuzer.Atomicy.API.IntegrationTests.csproj", "{26F95DDE-D88F-4B25-A250-1E1D3008F0C2}"
EndProject
Project("{9A19103F-16F7-4668-BE54-9A1E7A4F7556}") = "Simuzer.Atomicy.Persistence.IntegrationTests", "Simuzer.Atomicy.Persistence.IntegrationTests\Simuzer.Atomicy.Persistence.IntegrationTests.csproj", "{C81E2D1C-291A-434E-9953-60F0B399EC40}"
EndProject
Global
	GlobalSection(SolutionConfigurationPlatforms) = preSolution
		Debug|Any CPU = Debug|Any CPU
		Release|Any CPU = Release|Any CPU
	EndGlobalSection
	GlobalSection(ProjectConfigurationPlatforms) = postSolution
		{BB9FB448-633D-4E2B-BBD6-2BFCEB139546}.Debug|Any CPU.ActiveCfg = Debug|Any CPU
		{BB9FB448-633D-4E2B-BBD6-2BFCEB139546}.Debug|Any CPU.Build.0 = Debug|Any CPU
		{BB9FB448-633D-4E2B-BBD6-2BFCEB139546}.Release|Any CPU.ActiveCfg = Release|Any CPU
		{BB9FB448-633D-4E2B-BBD6-2BFCEB139546}.Release|Any CPU.Build.0 = Release|Any CPU
		{FAEC34D6-65AD-422E-AF8A-0DBAD33B0E8C}.Debug|Any CPU.ActiveCfg = Debug|Any CPU
		{FAEC34D6-65AD-422E-AF8A-0DBAD33B0E8C}.Debug|Any CPU.Build.0 = Debug|Any CPU
		{FAEC34D6-65AD-422E-AF8A-0DBAD33B0E8C}.Release|Any CPU.ActiveCfg = Release|Any CPU
		{FAEC34D6-65AD-422E-AF8A-0DBAD33B0E8C}.Release|Any CPU.Build.0 = Release|Any CPU
		{CBAB6DFA-F8F6-42B9-B04C-C2B05CD5FB00}.Debug|Any CPU.ActiveCfg = Debug|Any CPU
		{CBAB6DFA-F8F6-42B9-B04C-C2B05CD5FB00}.Debug|Any CPU.Build.0 = Debug|Any CPU
		{CBAB6DFA-F8F6-42B9-B04C-C2B05CD5FB00}.Release|Any CPU.ActiveCfg = Release|Any CPU
		{CBAB6DFA-F8F6-42B9-B04C-C2B05CD5FB00}.Release|Any CPU.Build.0 = Release|Any CPU
		{C164C228-D22A-4163-BAF4-662A510A5F5B}.Debug|Any CPU.ActiveCfg = Debug|Any CPU
		{C164C228-D22A-4163-BAF4-662A510A5F5B}.Debug|Any CPU.Build.0 = Debug|Any CPU
		{C164C228-D22A-4163-BAF4-662A510A5F5B}.Release|Any CPU.ActiveCfg = Release|Any CPU
		{C164C228-D22A-4163-BAF4-662A510A5F5B}.Release|Any CPU.Build.0 = Release|Any CPU
		{C27557C9-134F-4391-B841-80FC2CC5B2F7}.Debug|Any CPU.ActiveCfg = Debug|Any CPU
		{C27557C9-134F-4391-B841-80FC2CC5B2F7}.Debug|Any CPU.Build.0 = Debug|Any CPU
		{C27557C9-134F-4391-B841-80FC2CC5B2F7}.Release|Any CPU.ActiveCfg = Release|Any CPU
		{C27557C9-134F-4391-B841-80FC2CC5B2F7}.Release|Any CPU.Build.0 = Release|Any CPU
		{69F25158-D94C-4C02-A666-47B2EB201FE1}.Debug|Any CPU.ActiveCfg = Debug|Any CPU
		{69F25158-D94C-4C02-A666-47B2EB201FE1}.Debug|Any CPU.Build.0 = Debug|Any CPU
		{69F25158-D94C-4C02-A666-47B2EB201FE1}.Release|Any CPU.ActiveCfg = Release|Any CPU
		{69F25158-D94C-4C02-A666-47B2EB201FE1}.Release|Any CPU.Build.0 = Release|Any CPU
		{47648B10-2160-43E7-BDC7-CAA554383260}.Debug|Any CPU.ActiveCfg = Debug|Any CPU
		{47648B10-2160-43E7-BDC7-CAA554383260}.Debug|Any CPU.Build.0 = Debug|Any CPU
		{47648B10-2160-43E7-BDC7-CAA554383260}.Release|Any CPU.ActiveCfg = Release|Any CPU
		{47648B10-2160-43E7-BDC7-CAA554383260}.Release|Any CPU.Build.0 = Release|Any CPU
		{26F95DDE-D88F-4B25-A250-1E1D3008F0C2}.Debug|Any CPU.ActiveCfg = Debug|Any CPU
		{26F95DDE-D88F-4B25-A250-1E1D3008F0C2}.Debug|Any CPU.Build.0 = Debug|Any CPU
		{26F95DDE-D88F-4B25-A250-1E1D3008F0C2}.Release|Any CPU.ActiveCfg = Release|Any CPU
		{26F95DDE-D88F-4B25-A250-1E1D3008F0C2}.Release|Any CPU.Build.0 = Release|Any CPU
		{C81E2D1C-291A-434E-9953-60F0B399EC40}.Debug|Any CPU.ActiveCfg = Debug|Any CPU
		{C81E2D1C-291A-434E-9953-60F0B399EC40}.Debug|Any CPU.Build.0 = Debug|Any CPU
		{C81E2D1C-291A-434E-9953-60F0B399EC40}.Release|Any CPU.ActiveCfg = Release|Any CPU
		{C81E2D1C-291A-434E-9953-60F0B399EC40}.Release|Any CPU.Build.0 = Release|Any CPU
	EndGlobalSection
	GlobalSection(SolutionProperties) = preSolution
		HideSolutionNode = FALSE
	EndGlobalSection
	GlobalSection(NestedProjects) = preSolution
		{0D3AD221-8904-48F0-9DFC-636DAD49A8E1} = {5181CCE6-CD76-4AD6-99BC-0906D8C6E783}
		{34F11B93-AD31-4A5E-A5DC-1ED62F24B8C1} = {5181CCE6-CD76-4AD6-99BC-0906D8C6E783}
		{247FA615-B10E-4B17-8586-FE95035A9045} = {5181CCE6-CD76-4AD6-99BC-0906D8C6E783}
		{A81C4CF1-7850-4AE3-B5E4-67DDB0EBAA97} = {5181CCE6-CD76-4AD6-99BC-0906D8C6E783}
		{BB9FB448-633D-4E2B-BBD6-2BFCEB139546} = {0D3AD221-8904-48F0-9DFC-636DAD49A8E1}
		{FAEC34D6-65AD-422E-AF8A-0DBAD33B0E8C} = {34F11B93-AD31-4A5E-A5DC-1ED62F24B8C1}
		{CBAB6DFA-F8F6-42B9-B04C-C2B05CD5FB00} = {34F11B93-AD31-4A5E-A5DC-1ED62F24B8C1}
		{C164C228-D22A-4163-BAF4-662A510A5F5B} = {247FA615-B10E-4B17-8586-FE95035A9045}
		{C27557C9-134F-4391-B841-80FC2CC5B2F7} = {247FA615-B10E-4B17-8586-FE95035A9045}
		{69F25158-D94C-4C02-A666-47B2EB201FE1} = {247FA615-B10E-4B17-8586-FE95035A9045}
		{55B28DA4-2F82-40DF-8BFD-B6BA6DDCA4F6} = {A81C4CF1-7850-4AE3-B5E4-67DDB0EBAA97}
		{47648B10-2160-43E7-BDC7-CAA554383260} = {BAA1DDDA-270B-4FA5-B843-68788A77EEFF}
		{26F95DDE-D88F-4B25-A250-1E1D3008F0C2} = {BAA1DDDA-270B-4FA5-B843-68788A77EEFF}
		{C81E2D1C-291A-434E-9953-60F0B399EC40} = {BAA1DDDA-270B-4FA5-B843-68788A77EEFF}
	EndGlobalSection
	GlobalSection(ExtensibilityGlobals) = postSolution
		SolutionGuid = {DF93AE72-648E-455D-8E2E-3D0BED7B5BEB}
	EndGlobalSection
EndGlobal
